
Microsoft Visual Studio Solution File, Format Version 12.00
# Visual Studio Version 17
VisualStudioVersion = 17.2.32519.379
MinimumVisualStudioVersion = 10.0.40219.1
Project("{FAE04EC0-301F-11D3-BF4B-00C04F79EFBC}") = "DmnQuarkusLinqXml", "DmnQuarkusLinqXml\DmnQuarkusLinqXml.csproj", "{197BBD72-9A89-4F5E-8216-EC58D7966FEC}"
EndProject
Global
	GlobalSection(SolutionConfigurationPlatforms) = preSolution
		Debug|Any CPU = Debug|Any CPU
		Release|Any CPU = Release|Any CPU
	EndGlobalSection
	GlobalSection(ProjectConfigurationPlatforms) = postSolution
		{197BBD72-9A89-4F5E-8216-EC58D7966FEC}.Debug|Any CPU.ActiveCfg = Debug|Any CPU
		{197BBD72-9A89-4F5E-8216-EC58D7966FEC}.Debug|Any CPU.Build.0 = Debug|Any CPU
		{197BBD72-9A89-4F5E-8216-EC58D7966FEC}.Release|Any CPU.ActiveCfg = Release|Any CPU
		{197BBD72-9A89-4F5E-8216-EC58D7966FEC}.Release|Any CPU.Build.0 = Release|Any CPU
	EndGlobalSection
	GlobalSection(SolutionProperties) = preSolution
		HideSolutionNode = FALSE
	EndGlobalSection
	GlobalSection(ExtensibilityGlobals) = postSolution
		SolutionGuid = {3FD56104-40AB-4A2F-AB2E-C3FD3E875883}
	EndGlobalSection
EndGlobal
